
Microsoft Visual Studio Solution File, Format Version 12.00
# Visual Studio Version 17
VisualStudioVersion = 17.3.32922.545
MinimumVisualStudioVersion = 10.0.40219.1
Project("{9A19103F-16F7-4668-BE54-9A1E7A4F7556}") = "MapTest", "MapTest\MapTest.csproj", "{5FECD69B-99B1-4BA3-B00E-6AF65876688A}"
EndProject
Project("{FAE04EC0-301F-11D3-BF4B-00C04F79EFBC}") = "Codenizer.Avalonia.Map", "Codenizer.Avalonia.Map\Codenizer.Avalonia.Map.csproj", "{C4BFB176-8F0E-4B0E-99B4-58E171D39BA1}"
EndProject
Global
	GlobalSection(SolutionConfigurationPlatforms) = preSolution
		Debug|Any CPU = Debug|Any CPU
		Release|Any CPU = Release|Any CPU
	EndGlobalSection
	GlobalSection(ProjectConfigurationPlatforms) = postSolution
		{5FECD69B-99B1-4BA3-B00E-6AF65876688A}.Debug|Any CPU.ActiveCfg = Debug|Any CPU
		{5FECD69B-99B1-4BA3-B00E-6AF65876688A}.Debug|Any CPU.Build.0 = Debug|Any CPU
		{5FECD69B-99B1-4BA3-B00E-6AF65876688A}.Release|Any CPU.ActiveCfg = Release|Any CPU
		{5FECD69B-99B1-4BA3-B00E-6AF65876688A}.Release|Any CPU.Build.0 = Release|Any CPU
		{C4BFB176-8F0E-4B0E-99B4-58E171D39BA1}.Debug|Any CPU.ActiveCfg = Debug|Any CPU
		{C4BFB176-8F0E-4B0E-99B4-58E171D39BA1}.Debug|Any CPU.Build.0 = Debug|Any CPU
		{C4BFB176-8F0E-4B0E-99B4-58E171D39BA1}.Release|Any CPU.ActiveCfg = Release|Any CPU
		{C4BFB176-8F0E-4B0E-99B4-58E171D39BA1}.Release|Any CPU.Build.0 = Release|Any CPU
	EndGlobalSection
	GlobalSection(SolutionProperties) = preSolution
		HideSolutionNode = FALSE
	EndGlobalSection
	GlobalSection(ExtensibilityGlobals) = postSolution
		SolutionGuid = {2A12D43E-A3A4-4855-80CE-22BD5794CFE0}
	EndGlobalSection
EndGlobal
